GIT
  remote: https://github.com/ANXS/oracle-jdk
  ref: master
  sha: 79b319d6e57ede8a1d2f4ef21c9eca8176163ac6
  specs:
    ANXS.oracle-jdk (0.0.0)

GIT
  remote: https://github.com/fullergalway/ansible-elasticsearch
  ref: master
  sha: 9774142d4af3b048c2052866ccb23ca7f7d64d95
  specs:
    ansible-elasticsearch (0.0.0)

GIT
  remote: https://github.com/fullergalway/ansible-kafka
  ref: master
  sha: ab79dc99881eb7f720080a9d7a9183132c78b00f
  specs:
    ansible-kafka (0.0.0)

GIT
  remote: https://github.com/fullergalway/ansible-mesos-storm
  ref: master
  sha: f26961a9d76a928cf15cbb9112723ac9e420e3a6
  specs:
    ansible-mesos-storm (0.0.0)

GIT
  remote: https://github.com/fullergalway/cassandra-ansible-role
  ref: master
  sha: 72412e0cf633e8de34f6d96ce5497f85e0079e88
  specs:
    ansible-cassandra (0.0.0)

GIT
  remote: https://github.com/fullergalway/logstash-role
  ref: master
  sha: 71cf37beaf9842af302827bbcb2497aa792500cd
  specs:
    ansible-logstash (0.0.0)

GIT
  remote: https://github.com/hpcloud-mon/ansible-influxdb
  ref: master
  sha: 7eb9b8d9c230ff4e9498dcbb7b5ae86aee4a9a50
  specs:
    ansible-influxdb (0.0.0)

GIT
  remote: https://github.com/mhamrah/ansible-consul
  ref: master
  sha: 38397d7103f659e9f3944da816d6b8a3b0e26018
  specs:
    ansible-consul (0.0.0)

GIT
  remote: https://github.com/mhamrah/ansible-docker
  ref: master
  sha: 5f6cea50da4a3fb708a1fa06a7bb78c3753a2a4d
  specs:
    ansible-docker (0.0.0)

GIT
  remote: https://github.com/mhamrah/ansible-java8
  ref: master
  sha: ee480e95fcdf16550f49472044560ff7a664b95a
  specs:
    ansible-java8 (0.0.0)

GIT
  remote: https://github.com/mhamrah/ansible-marathon
  ref: master
  sha: 8665893cff8109234b3869c302fac77677afb5ed
  specs:
    ansible-marathon (0.0.0)

GIT
  remote: https://github.com/mhamrah/ansible-mesos
  ref: master
  sha: 156cf2ae5e4532a03137ff3fbbd2d6fc9c8fb002
  specs:
    ansible-mesos (0.0.0)

GIT
  remote: https://github.com/mhamrah/ansible-zookeeper
  ref: master
  sha: ba4340361486b58f13d7581e9a0ba87c11ec4b49
  specs:
    ansible-zookeeper (0.0.0)

DEPENDENCIES
  ANXS.oracle-jdk (>= 0)
  ansible-cassandra (>= 0)
  ansible-consul (>= 0)
  ansible-docker (>= 0)
  ansible-elasticsearch (>= 0)
  ansible-influxdb (>= 0)
  ansible-java8 (>= 0)
  ansible-kafka (>= 0)
  ansible-logstash (>= 0)
  ansible-marathon (>= 0)
  ansible-mesos (>= 0)
  ansible-mesos-storm (>= 0)
  ansible-zookeeper (>= 0)

